// !$*UTF8*$!
{
	archiveVersion = 1;
	classes = {
	};
	objectVersion = 46;
	objects = {

/* Begin PBXBuildFile section */
		17E5928F67BC9740D4BE23DE /* IOKit.framework */ = {isa = PBXBuildFile; fileRef = C3AD77A0811DB733F1102C43; };
		3543A59B2EECBFE346B9976B /* include_juce_gui_extra.mm */ = {isa = PBXBuildFile; fileRef = 84E8856EA6D4BB87CB87347C; };
		37F721E8D1E606370A47A88B /* App */ = {isa = PBXBuildFile; fileRef = 59F750712DB15DB31185240F; };
		53311D04367C20969CE2CA72 /* Main.cpp */ = {isa = PBXBuildFile; fileRef = 84C2234F816B2AF407789596; };
		55FD303CA2F0938FFAC53979 /* include_juce_data_structures.mm */ = {isa = PBXBuildFile; fileRef = A094A8B6A46CF12C2EBD1F50; };
		59682FA42D71D139D6328224 /* QuartzCore.framework */ = {isa = PBXBuildFile; fileRef = F8D5769ED6664A34DA4DD5A8; };
		638D679CDC2121855EFD291E /* DataController.cpp */ = {isa = PBXBuildFile; fileRef = 4DA44756471A73857B92A4AF; };
		67BA01DCB22EB8D10F660A2B /* include_juce_core.mm */ = {isa = PBXBuildFile; fileRef = 02A9F9A39F3024C563F693BF; };
		809DD1FA6D75550857A845D9 /* BinaryData.cpp */ = {isa = PBXBuildFile; fileRef = 0EEB80135674A625D982F986; };
		833CC811855030221848B50D /* include_juce_graphics.mm */ = {isa = PBXBuildFile; fileRef = E0E8FEE0C4F6DEB74EEB51DF; };
		8CAB7018AE2DCA4965D709EC /* JuceViewController.swift */ = {isa = PBXBuildFile; fileRef = 2E071FEF3ADD1F51C85598BD; };
		96F83B00359ABC1F775A2EDF /* WebKit.framework */ = {isa = PBXBuildFile; fileRef = A1273F0FE3DAEB681B103079; };
		A01494C0C16F56C4AFF0FA06 /* DataControllerObjC.mm */ = {isa = PBXBuildFile; fileRef = 2CA3FCA994B06E22C30AAF9F; };
		A2D03BBB293722EE6C4F1890 /* Foundation.framework */ = {isa = PBXBuildFile; fileRef = 02DE0E637463CC2DB082BCF0; };
		AACAA472B2B558547DD80C5C /* include_juce_gui_basics.mm */ = {isa = PBXBuildFile; fileRef = CB84857B789A7E6EB92C7161; };
		CB334B17EBD262C8C07584CE /* MainComponent.cpp */ = {isa = PBXBuildFile; fileRef = C6E348C1E4E413F3F8DDFA4A; };
		E94E0758361636436ED7505D /* MasterViewController.swift */ = {isa = PBXBuildFile; fileRef = 0C7DD54010E7F8D01B89353E; };
		EF456C678AC64E7830F311EA /* include_juce_events.mm */ = {isa = PBXBuildFile; fileRef = BEFD99A4720E02F3DB161951; };
		F2E2EC466AA14DB16B04D47D /* Cocoa.framework */ = {isa = PBXBuildFile; fileRef = 45090B40862465A59BF79A60; };
		F45379AA4732ABC904BE076E /* RecentFilesMenuTemplate.nib */ = {isa = PBXBuildFile; fileRef = 516376BF113149DE9119B84C; };
		F6047B520E6BD6E8B038EC12 /* iosMainWindow.mm */ = {isa = PBXBuildFile; fileRef = 8B9BA30FDE81F2D6317B28A1; };
		FA101A4FE4E52E7BF7B59004 /* Message.swift */ = {isa = PBXBuildFile; fileRef = 74CD3F5EE04EDEFFF88D49F9; };
/* End PBXBuildFile section */

/* Begin PBXFileReference section */
		02A9F9A39F3024C563F693BF /* include_juce_core.mm */ /* include_juce_core.mm */ = {isa = PBXFileReference; lastKnownFileType = sourcecode.cpp.objcpp; name = include_juce_core.mm; path = ../../JuceLibraryCode/include_juce_core.mm; sourceTree = SOURCE_ROOT; };
		02DE0E637463CC2DB082BCF0 /* Foundation.framework */ /* Foundation.framework */ = {isa = PBXFileReference; lastKnownFileType = wrapper.framework; name = Foundation.framework; path = System/Library/Frameworks/Foundation.framework; sourceTree = SDKROOT; };
		02DEB325A600DA7351FE771C /* juce_gui_extra */ /* juce_gui_extra */ = {isa = PBXFileReference; lastKnownFileType = folder; name = juce_gui_extra; path = "~/repos/JUCE/modules/juce_gui_extra"; sourceTree = "<absolute>"; };
		07949CC9FC448288A0CCF6F1 /* Data.h */ /* Data.h */ = {isa = PBXFileReference; lastKnownFileType = sourcecode.c.h; name = Data.h; path = ../../Source/Data.h; sourceTree = SOURCE_ROOT; };
		0AA8EB8774D676B0A517B358 /* juce_core */ /* juce_core */ = {isa = PBXFileReference; lastKnownFileType = folder; name = juce_core; path = "~/repos/JUCE/modules/juce_core"; sourceTree = "<absolute>"; };
		0C7DD54010E7F8D01B89353E /* MasterViewController.swift */ /* MasterViewController.swift */ = {isa = PBXFileReference; lastKnownFileType = file.swift; name = MasterViewController.swift; path = ../iOS/MasterViewController.swift; sourceTree = SOURCE_ROOT; };
		0EEB80135674A625D982F986 /* BinaryData.cpp */ /* BinaryData.cpp */ = {isa = PBXFileReference; lastKnownFileType = sourcecode.cpp.cpp; name = BinaryData.cpp; path = ../../JuceLibraryCode/BinaryData.cpp; sourceTree = SOURCE_ROOT; };
		2CA3FCA994B06E22C30AAF9F /* DataControllerObjC.mm */ /* DataControllerObjC.mm */ = {isa = PBXFileReference; lastKnownFileType = sourcecode.cpp.objcpp; name = DataControllerObjC.mm; path = ../iOS/DataControllerObjC.mm; sourceTree = SOURCE_ROOT; };
		2E071FEF3ADD1F51C85598BD /* JuceViewController.swift */ /* JuceViewController.swift */ = {isa = PBXFileReference; lastKnownFileType = file.swift; name = JuceViewController.swift; path = ../iOS/JuceViewController.swift; sourceTree = SOURCE_ROOT; };
		36CE97E43C34C13866F276E4 /* juce_graphics */ /* juce_graphics */ = {isa = PBXFileReference; lastKnownFileType = folder; name = juce_graphics; path = "~/repos/JUCE/modules/juce_graphics"; sourceTree = "<absolute>"; };
		45090B40862465A59BF79A60 /* Cocoa.framework */ /* Cocoa.framework */ = {isa = PBXFileReference; lastKnownFileType = wrapper.framework; name = Cocoa.framework; path = System/Library/Frameworks/Cocoa.framework; sourceTree = SDKROOT; };
		479CD67FB62A78C6977FBDD2 /* iosMainWindow.h */ /* iosMainWindow.h */ = {isa = PBXFileReference; lastKnownFileType = sourcecode.c.h; name = iosMainWindow.h; path = ../iOS/iosMainWindow.h; sourceTree = SOURCE_ROOT; };
		49B49FF570551A6D1F42DB0A /* juce_events */ /* juce_events */ = {isa = PBXFileReference; lastKnownFileType = folder; name = juce_events; path = "~/repos/JUCE/modules/juce_events"; sourceTree = "<absolute>"; };
		4DA44756471A73857B92A4AF /* DataController.cpp */ /* DataController.cpp */ = {isa = PBXFileReference; lastKnownFileType = sourcecode.cpp.cpp; name = DataController.cpp; path = ../iOS/DataController.cpp; sourceTree = SOURCE_ROOT; };
		50FB6A992F118F91168B2E11 /* DataController.h */ /* DataController.h */ = {isa = PBXFileReference; lastKnownFileType = sourcecode.c.h; name = DataController.h; path = ../iOS/DataController.h; sourceTree = SOURCE_ROOT; };
		516376BF113149DE9119B84C /* RecentFilesMenuTemplate.nib */ /* RecentFilesMenuTemplate.nib */ = {isa = PBXFileReference; lastKnownFileType = file.nib; name = RecentFilesMenuTemplate.nib; path = RecentFilesMenuTemplate.nib; sourceTree = SOURCE_ROOT; };
		54CF5AA7BA65ED12B3FC1F27 /* BinaryData.h */ /* BinaryData.h */ = {isa = PBXFileReference; lastKnownFileType = sourcecode.c.h; name = BinaryData.h; path = ../../JuceLibraryCode/BinaryData.h; sourceTree = SOURCE_ROOT; };
		59C220FEE2DAFD67C5CE59D4 /* AppConfig.h */ /* AppConfig.h */ = {isa = PBXFileReference; lastKnownFileType = sourcecode.c.h; name = AppConfig.h; path = ../../JuceLibraryCode/AppConfig.h; sourceTree = SOURCE_ROOT; };
		59F750712DB15DB31185240F /* App */ = {isa = PBXFileReference; explicitFileType = wrapper.application; includeInIndex = 0; path = NativeNavigation.app; sourceTree = BUILT_PRODUCTS_DIR; };
		5F74B26F5531951EE7E56033 /* MainWindow.h */ /* MainWindow.h */ = {isa = PBXFileReference; lastKnownFileType = sourcecode.c.h; name = MainWindow.h; path = ../../Source/MainWindow.h; sourceTree = SOURCE_ROOT; };
		659D912A16AAC76DEFDBFA1C /* DataControllerObjC.h */ /* DataControllerObjC.h */ = {isa = PBXFileReference; lastKnownFileType = sourcecode.c.h; name = DataControllerObjC.h; path = ../iOS/DataControllerObjC.h; sourceTree = SOURCE_ROOT; };
		74CD3F5EE04EDEFFF88D49F9 /* Message.swift */ /* Message.swift */ = {isa = PBXFileReference; lastKnownFileType = file.swift; name = Message.swift; path = ../iOS/Message.swift; sourceTree = SOURCE_ROOT; };
		7AD96D5AA9A4C71E6D3CA0E2 /* NativeNavigation-Bridging-Header.h */ /* NativeNavigation-Bridging-Header.h */ = {isa = PBXFileReference; lastKnownFileType = sourcecode.c.h; name = "NativeNavigation-Bridging-Header.h"; path = "../iOS/NativeNavigation-Bridging-Header.h"; sourceTree = SOURCE_ROOT; };
		84BD98723FC20DB1CAA53DC8 /* juce_data_structures */ /* juce_data_structures */ = {isa = PBXFileReference; lastKnownFileType = folder; name = juce_data_structures; path = "~/repos/JUCE/modules/juce_data_structures"; sourceTree = "<absolute>"; };
		84C2234F816B2AF407789596 /* Main.cpp */ /* Main.cpp */ = {isa = PBXFileReference; lastKnownFileType = sourcecode.cpp.cpp; name = Main.cpp; path = ../../Source/Main.cpp; sourceTree = SOURCE_ROOT; };
		84E734FA76FE9AE5031BEA02 /* MasterViewController.xib */ /* MasterViewController.xib */ = {isa = PBXFileReference; lastKnownFileType = file.xib; name = MasterViewController.xib; path = ../iOS/MasterViewController.xib; sourceTree = SOURCE_ROOT; };
		84E8856EA6D4BB87CB87347C /* include_juce_gui_extra.mm */ /* include_juce_gui_extra.mm */ = {isa = PBXFileReference; lastKnownFileType = sourcecode.cpp.objcpp; name = include_juce_gui_extra.mm; path = ../../JuceLibraryCode/include_juce_gui_extra.mm; sourceTree = SOURCE_ROOT; };
		8B9BA30FDE81F2D6317B28A1 /* iosMainWindow.mm */ /* iosMainWindow.mm */ = {isa = PBXFileReference; lastKnownFileType = sourcecode.cpp.objcpp; name = iosMainWindow.mm; path = ../iOS/iosMainWindow.mm; sourceTree = SOURCE_ROOT; };
		A094A8B6A46CF12C2EBD1F50 /* include_juce_data_structures.mm */ /* include_juce_data_structures.mm */ = {isa = PBXFileReference; lastKnownFileType = sourcecode.cpp.objcpp; name = include_juce_data_structures.mm; path = ../../JuceLibraryCode/include_juce_data_structures.mm; sourceTree = SOURCE_ROOT; };
		A1273F0FE3DAEB681B103079 /* WebKit.framework */ /* WebKit.framework */ = {isa = PBXFileReference; lastKnownFileType = wrapper.framework; name = WebKit.framework; path = System/Library/Frameworks/WebKit.framework; sourceTree = SDKROOT; };
		B9C579D46EDE61793D4D1228 /* juce_gui_basics */ /* juce_gui_basics */ = {isa = PBXFileReference; lastKnownFileType = folder; name = juce_gui_basics; path = "~/repos/JUCE/modules/juce_gui_basics"; sourceTree = "<absolute>"; };
		BEFD99A4720E02F3DB161951 /* include_juce_events.mm */ /* include_juce_events.mm */ = {isa = PBXFileReference; lastKnownFileType = sourcecode.cpp.objcpp; name = include_juce_events.mm; path = ../../JuceLibraryCode/include_juce_events.mm; sourceTree = SOURCE_ROOT; };
		C3AD77A0811DB733F1102C43 /* IOKit.framework */ /* IOKit.framework */ = {isa = PBXFileReference; lastKnownFileType = wrapper.framework; name = IOKit.framework; path = System/Library/Frameworks/IOKit.framework; sourceTree = SDKROOT; };
		C6E348C1E4E413F3F8DDFA4A /* MainComponent.cpp */ /* MainComponent.cpp */ = {isa = PBXFileReference; lastKnownFileType = sourcecode.cpp.cpp; name = MainComponent.cpp; path = ../../Source/MainComponent.cpp; sourceTree = SOURCE_ROOT; };
		CA63002E00E2FAA4949EA94A /* Info-App.plist */ /* Info-App.plist */ = {isa = PBXFileReference; lastKnownFileType = text.plist.xml; name = "Info-App.plist"; path = "Info-App.plist"; sourceTree = SOURCE_ROOT; };
		CB84857B789A7E6EB92C7161 /* include_juce_gui_basics.mm */ /* include_juce_gui_basics.mm */ = {isa = PBXFileReference; lastKnownFileType = sourcecode.cpp.objcpp; name = include_juce_gui_basics.mm; path = ../../JuceLibraryCode/include_juce_gui_basics.mm; sourceTree = SOURCE_ROOT; };
		E0E8FEE0C4F6DEB74EEB51DF /* include_juce_graphics.mm */ /* include_juce_graphics.mm */ = {isa = PBXFileReference; lastKnownFileType = sourcecode.cpp.objcpp; name = include_juce_graphics.mm; path = ../../JuceLibraryCode/include_juce_graphics.mm; sourceTree = SOURCE_ROOT; };
		F07229BC8FA37FA976BF0D94 /* JuceHeader.h */ /* JuceHeader.h */ = {isa = PBXFileReference; lastKnownFileType = sourcecode.c.h; name = JuceHeader.h; path = ../../JuceLibraryCode/JuceHeader.h; sourceTree = SOURCE_ROOT; };
		F5B027690A14E387853102D7 /* MainComponent.h */ /* MainComponent.h */ = {isa = PBXFileReference; lastKnownFileType = sourcecode.c.h; name = MainComponent.h; path = ../../Source/MainComponent.h; sourceTree = SOURCE_ROOT; };
		F8D5769ED6664A34DA4DD5A8 /* QuartzCore.framework */ /* QuartzCore.framework */ = {isa = PBXFileReference; lastKnownFileType = wrapper.framework; name = QuartzCore.framework; path = System/Library/Frameworks/QuartzCore.framework; sourceTree = SDKROOT; };
/* End PBXFileReference section */

/* Begin PBXFrameworksBuildPhase section */
		C2D4D155D518FACCA85D9D0A = {
			isa = PBXFrameworksBuildPhase;
			buildActionMask = 2147483647;
			files = (
				F2E2EC466AA14DB16B04D47D,
				A2D03BBB293722EE6C4F1890,
				17E5928F67BC9740D4BE23DE,
				59682FA42D71D139D6328224,
				96F83B00359ABC1F775A2EDF,
			);
			runOnlyForDeploymentPostprocessing = 0;
		};
/* End PBXFrameworksBuildPhase section */

/* Begin PBXGroup section */
		2055953D353AF5A04D037AB2 /* JUCE Library Code */ = {
			isa = PBXGroup;
			children = (
				59C220FEE2DAFD67C5CE59D4,
				0EEB80135674A625D982F986,
				54CF5AA7BA65ED12B3FC1F27,
				02A9F9A39F3024C563F693BF,
				A094A8B6A46CF12C2EBD1F50,
				BEFD99A4720E02F3DB161951,
				E0E8FEE0C4F6DEB74EEB51DF,
				CB84857B789A7E6EB92C7161,
				84E8856EA6D4BB87CB87347C,
				F07229BC8FA37FA976BF0D94,
			);
			name = "JUCE Library Code";
			sourceTree = "<group>";
		};
		287DD249C2AE16B9B182C857 /* Frameworks */ = {
			isa = PBXGroup;
			children = (
				45090B40862465A59BF79A60,
				02DE0E637463CC2DB082BCF0,
				C3AD77A0811DB733F1102C43,
				F8D5769ED6664A34DA4DD5A8,
				A1273F0FE3DAEB681B103079,
			);
			name = Frameworks;
			sourceTree = "<group>";
		};
		387D54C6542F1E97319107D4 /* NativeNavigation */ = {
			isa = PBXGroup;
			children = (
				40D0A5751B9C60865BA2E39B,
			);
			name = NativeNavigation;
			sourceTree = "<group>";
		};
		3EAB12D849F4F9A8D8AD6FAF /* Source */ = {
			isa = PBXGroup;
			children = (
				387D54C6542F1E97319107D4,
				D285D8FD54E4C35B2EA6ECE7,
				2055953D353AF5A04D037AB2,
				B16B79631E8C16E3CC6B58F7,
				287DD249C2AE16B9B182C857,
				8706AEFF94EBFE5DBA16F007,
			);
			name = Source;
			sourceTree = "<group>";
		};
		40D0A5751B9C60865BA2E39B /* Source */ = {
			isa = PBXGroup;
			children = (
				07949CC9FC448288A0CCF6F1,
				66BBAD216699951C0AB8A0E6,
				C6E348C1E4E413F3F8DDFA4A,
				F5B027690A14E387853102D7,
				84C2234F816B2AF407789596,
				5F74B26F5531951EE7E56033,
			);
			name = Source;
			sourceTree = "<group>";
		};
		66BBAD216699951C0AB8A0E6 /* iOS */ = {
			isa = PBXGroup;
			children = (
				4DA44756471A73857B92A4AF,
				50FB6A992F118F91168B2E11,
				659D912A16AAC76DEFDBFA1C,
				2CA3FCA994B06E22C30AAF9F,
				479CD67FB62A78C6977FBDD2,
				8B9BA30FDE81F2D6317B28A1,
				2E071FEF3ADD1F51C85598BD,
				0C7DD54010E7F8D01B89353E,
				84E734FA76FE9AE5031BEA02,
				74CD3F5EE04EDEFFF88D49F9,
				7AD96D5AA9A4C71E6D3CA0E2,
			);
			name = iOS;
			sourceTree = "<group>";
		};
		8706AEFF94EBFE5DBA16F007 /* Products */ = {
			isa = PBXGroup;
			children = (
				59F750712DB15DB31185240F,
			);
			name = Products;
			sourceTree = "<group>";
		};
		B16B79631E8C16E3CC6B58F7 /* Resources */ = {
			isa = PBXGroup;
			children = (
				CA63002E00E2FAA4949EA94A,
				516376BF113149DE9119B84C,
			);
			name = Resources;
			sourceTree = "<group>";
		};
		D285D8FD54E4C35B2EA6ECE7 /* JUCE Modules */ = {
			isa = PBXGroup;
			children = (
				0AA8EB8774D676B0A517B358,
				84BD98723FC20DB1CAA53DC8,
				49B49FF570551A6D1F42DB0A,
				36CE97E43C34C13866F276E4,
				B9C579D46EDE61793D4D1228,
				02DEB325A600DA7351FE771C,
			);
			name = "JUCE Modules";
			sourceTree = "<group>";
		};
/* End PBXGroup section */

/* Begin PBXNativeTarget section */
		35A8F88D0110924F8AFB6D37 /* NativeNavigation - App */ = {
			isa = PBXNativeTarget;
			buildConfigurationList = 13EB57A68F7E57B5C5CCC7C4;
			buildPhases = (
				49CC00D8ACBD87C542875390,
				2C1BA3CDDC8F4AB4DADA452E,
				C2D4D155D518FACCA85D9D0A,
			);
			buildRules = (
			);
			dependencies = (
			);
			name = "NativeNavigation - App";
			productName = NativeNavigation;
			productReference = 59F750712DB15DB31185240F;
			productType = "com.apple.product-type.application";
		};
/* End PBXNativeTarget section */

/* Begin PBXProject section */
		E4655E25C333C9B901EB1096 = {
			isa = PBXProject;
			attributes = {
				LastUpgradeCheck = 1340;
				ORGANIZATIONNAME = "";
				TargetAttributes = {
					35A8F88D0110924F8AFB6D37 = {
						SystemCapabilities = {
							com.apple.ApplicationGroups.iOS = {
								enabled = 0;
							};
							com.apple.HardenedRuntime = {
								enabled = 0;
							};
							com.apple.InAppPurchase = {
								enabled = 0;
							};
							com.apple.InterAppAudio = {
								enabled = 0;
							};
							com.apple.Push = {
								enabled = 0;
							};
							com.apple.Sandbox = {
								enabled = 0;
							};
						};
					};
				};
			};
			buildConfigurationList = A2C3EC67F9379B7D7ED77417;
			compatibilityVersion = "Xcode 3.2";
			hasScannedForEncodings = 0;
			knownRegions = (
				en,
				Base,
			);
			mainGroup = 3EAB12D849F4F9A8D8AD6FAF;
			projectDirPath = "";
			projectRoot = "";
			targets = (
				35A8F88D0110924F8AFB6D37,
			);
		};
/* End PBXProject section */

/* Begin PBXResourcesBuildPhase section */
		49CC00D8ACBD87C542875390 = {
			isa = PBXResourcesBuildPhase;
			buildActionMask = 2147483647;
			files = (
				F45379AA4732ABC904BE076E,
			);
			runOnlyForDeploymentPostprocessing = 0;
		};
/* End PBXResourcesBuildPhase section */

/* Begin PBXSourcesBuildPhase section */
		2C1BA3CDDC8F4AB4DADA452E = {
			isa = PBXSourcesBuildPhase;
			buildActionMask = 2147483647;
			files = (
				638D679CDC2121855EFD291E,
				A01494C0C16F56C4AFF0FA06,
				F6047B520E6BD6E8B038EC12,
				8CAB7018AE2DCA4965D709EC,
				E94E0758361636436ED7505D,
				FA101A4FE4E52E7BF7B59004,
				CB334B17EBD262C8C07584CE,
				53311D04367C20969CE2CA72,
				809DD1FA6D75550857A845D9,
				67BA01DCB22EB8D10F660A2B,
				55FD303CA2F0938FFAC53979,
				EF456C678AC64E7830F311EA,
				833CC811855030221848B50D,
				AACAA472B2B558547DD80C5C,
				3543A59B2EECBFE346B9976B,
			);
			runOnlyForDeploymentPostprocessing = 0;
		};
/* End PBXSourcesBuildPhase section */

/* Begin XCBuildConfiguration section */
		3E3B6EF83A307C7597407DE7 /* Release */ = {
			isa = XCBuildConfiguration;
			buildSettings = {
				CLANG_CXX_LANGUAGE_STANDARD = "c++17";
				CLANG_CXX_LIBRARY = "libc++";
				CLANG_LINK_OBJC_RUNTIME = NO;
				COMBINE_HIDPI_IMAGES = YES;
				CONFIGURATION_BUILD_DIR = "$(PROJECT_DIR)/build/$(CONFIGURATION)";
				DEAD_CODE_STRIPPING = YES;
				EXCLUDED_ARCHS = "";
				GCC_GENERATE_DEBUGGING_SYMBOLS = NO;
				GCC_OPTIMIZATION_LEVEL = 3;
				GCC_PREPROCESSOR_DEFINITIONS = (
					"_NDEBUG=1",
					"NDEBUG=1",
					"JUCER_XCODE_MAC_F6D2F4CF=1",
					"JUCE_APP_VERSION=1.0.0",
					"JUCE_APP_VERSION_HEX=0x10000",
					"JucePlugin_Build_VST=0",
					"JucePlugin_Build_VST3=0",
					"JucePlugin_Build_AU=0",
					"JucePlugin_Build_AUv3=0",
					"JucePlugin_Build_AAX=0",
					"JucePlugin_Build_Standalone=0",
					"JucePlugin_Build_Unity=0",
					"JucePlugin_Build_LV2=0",
				);
				GCC_VERSION = com.apple.compilers.llvm.clang.1_0;
				HEADER_SEARCH_PATHS = (
					"$(SRCROOT)/../../JuceLibraryCode",
					"$(HOME)/repos/JUCE/modules",
					"$(inherited)",
				);
				INFOPLIST_FILE = Info-App.plist;
				INFOPLIST_PREPROCESS = NO;
				INSTALL_PATH = "$(HOME)/Applications";
				LLVM_LTO = YES;
				MACOSX_DEPLOYMENT_TARGET = 10.13;
				MTL_HEADER_SEARCH_PATHS = "$(SRCROOT)/../../JuceLibraryCode $(HOME)/repos/JUCE/modules";
				OTHER_LDFLAGS = "-weak_framework Metal -weak_framework MetalKit";
				PRODUCT_BUNDLE_IDENTIFIER = com.codegarden.nativenavigation;
				PRODUCT_NAME = "NativeNavigation";
				USE_HEADERMAP = NO;
				VALID_ARCHS = "i386 x86_64 arm64 arm64e";
			};
			name = Release;
		};
		64522E557DC6C8F608D7014D /* Debug */ = {
			isa = XCBuildConfiguration;
			buildSettings = {
				ALWAYS_SEARCH_USER_PATHS = NO;
				CLANG_ENABLE_OBJC_WEAK = YES;
				CLANG_WARN_BLOCK_CAPTURE_AUTORELEASING = YES;
				CLANG_WARN_BOOL_CONVERSION = YES;
				CLANG_WARN_COMMA = YES;
				CLANG_WARN_CONSTANT_CONVERSION = YES;
				CLANG_WARN_DEPRECATED_OBJC_IMPLEMENTATIONS = YES;
				CLANG_WARN_EMPTY_BODY = YES;
				CLANG_WARN_ENUM_CONVERSION = YES;
				CLANG_WARN_INFINITE_RECURSION = YES;
				CLANG_WARN_INT_CONVERSION = YES;
				CLANG_WARN_NON_LITERAL_NULL_CONVERSION = YES;
				CLANG_WARN_OBJC_IMPLICIT_RETAIN_SELF = YES;
				CLANG_WARN_OBJC_LITERAL_CONVERSION = YES;
				CLANG_WARN_RANGE_LOOP_ANALYSIS = YES;
				CLANG_WARN_STRICT_PROTOTYPES = YES;
				CLANG_WARN_SUSPICIOUS_MOVE = YES;
				CLANG_WARN_UNREACHABLE_CODE = YES;
				CLANG_WARN__DUPLICATE_METHOD_MATCH = YES;
				DEBUG_INFORMATION_FORMAT = dwarf;
				ENABLE_STRICT_OBJC_MSGSEND = YES;
				ENABLE_TESTABILITY = NO;
				GCC_C_LANGUAGE_STANDARD = c11;
				GCC_INLINES_ARE_PRIVATE_EXTERN = YES;
				GCC_MODEL_TUNING = G5;
				GCC_NO_COMMON_BLOCKS = YES;
				GCC_SYMBOLS_PRIVATE_EXTERN = YES;
				GCC_WARN_64_TO_32_BIT_CONVERSION = YES;
				GCC_WARN_ABOUT_RETURN_TYPE = YES;
				GCC_WARN_CHECK_SWITCH_STATEMENTS = YES;
				GCC_WARN_MISSING_PARENTHESES = YES;
				GCC_WARN_NON_VIRTUAL_DESTRUCTOR = YES;
				GCC_WARN_TYPECHECK_CALLS_TO_PRINTF = YES;
				GCC_WARN_UNDECLARED_SELECTOR = YES;
				GCC_WARN_UNINITIALIZED_AUTOS = YES;
				GCC_WARN_UNUSED_FUNCTION = YES;
				GCC_WARN_UNUSED_VARIABLE = YES;
				ONLY_ACTIVE_ARCH = YES;
				PRODUCT_NAME = "NativeNavigation";
				SDKROOT = macosx;
				WARNING_CFLAGS = "-Wreorder";
				ZERO_LINK = NO;
			};
			name = Debug;
		};
		6B517115C29227B370C506D5 /* Debug */ = {
			isa = XCBuildConfiguration;
			buildSettings = {
				CLANG_CXX_LANGUAGE_STANDARD = "c++17";
				CLANG_CXX_LIBRARY = "libc++";
				CLANG_LINK_OBJC_RUNTIME = NO;
				COMBINE_HIDPI_IMAGES = YES;
				CONFIGURATION_BUILD_DIR = "$(PROJECT_DIR)/build/$(CONFIGURATION)";
				COPY_PHASE_STRIP = NO;
				EXCLUDED_ARCHS = "";
				GCC_DYNAMIC_NO_PIC = NO;
				GCC_OPTIMIZATION_LEVEL = 0;
				GCC_PREPROCESSOR_DEFINITIONS = (
					"_DEBUG=1",
					"DEBUG=1",
					"JUCER_XCODE_MAC_F6D2F4CF=1",
					"JUCE_APP_VERSION=1.0.0",
					"JUCE_APP_VERSION_HEX=0x10000",
					"JucePlugin_Build_VST=0",
					"JucePlugin_Build_VST3=0",
					"JucePlugin_Build_AU=0",
					"JucePlugin_Build_AUv3=0",
					"JucePlugin_Build_AAX=0",
					"JucePlugin_Build_Standalone=0",
					"JucePlugin_Build_Unity=0",
					"JucePlugin_Build_LV2=0",
				);
				GCC_VERSION = com.apple.compilers.llvm.clang.1_0;
				HEADER_SEARCH_PATHS = (
					"$(SRCROOT)/../../JuceLibraryCode",
					"$(HOME)/repos/JUCE/modules",
					"$(inherited)",
				);
				INFOPLIST_FILE = Info-App.plist;
				INFOPLIST_PREPROCESS = NO;
				INSTALL_PATH = "$(HOME)/Applications";
				MACOSX_DEPLOYMENT_TARGET = 10.13;
				MTL_HEADER_SEARCH_PATHS = "$(SRCROOT)/../../JuceLibraryCode $(HOME)/repos/JUCE/modules";
				OTHER_LDFLAGS = "-weak_framework Metal -weak_framework MetalKit";
				PRODUCT_BUNDLE_IDENTIFIER = com.codegarden.nativenavigation;
				PRODUCT_NAME = "NativeNavigation";
				USE_HEADERMAP = NO;
				VALID_ARCHS = "i386 x86_64 arm64 arm64e";
			};
			name = Debug;
		};
		F18C45F1E6D6112D7EFBA20B /* Release */ = {
			isa = XCBuildConfiguration;
			buildSettings = {
				ALWAYS_SEARCH_USER_PATHS = NO;
				CLANG_ENABLE_OBJC_WEAK = YES;
				CLANG_WARN_BLOCK_CAPTURE_AUTORELEASING = YES;
				CLANG_WARN_BOOL_CONVERSION = YES;
				CLANG_WARN_COMMA = YES;
				CLANG_WARN_CONSTANT_CONVERSION = YES;
				CLANG_WARN_DEPRECATED_OBJC_IMPLEMENTATIONS = YES;
				CLANG_WARN_EMPTY_BODY = YES;
				CLANG_WARN_ENUM_CONVERSION = YES;
				CLANG_WARN_INFINITE_RECURSION = YES;
				CLANG_WARN_INT_CONVERSION = YES;
				CLANG_WARN_NON_LITERAL_NULL_CONVERSION = YES;
				CLANG_WARN_OBJC_IMPLICIT_RETAIN_SELF = YES;
				CLANG_WARN_OBJC_LITERAL_CONVERSION = YES;
				CLANG_WARN_RANGE_LOOP_ANALYSIS = YES;
				CLANG_WARN_STRICT_PROTOTYPES = YES;
				CLANG_WARN_SUSPICIOUS_MOVE = YES;
				CLANG_WARN_UNREACHABLE_CODE = YES;
				CLANG_WARN__DUPLICATE_METHOD_MATCH = YES;
				DEBUG_INFORMATION_FORMAT = dwarf;
				ENABLE_STRICT_OBJC_MSGSEND = YES;
				ENABLE_TESTABILITY = NO;
				GCC_C_LANGUAGE_STANDARD = c11;
				GCC_INLINES_ARE_PRIVATE_EXTERN = YES;
				GCC_MODEL_TUNING = G5;
				GCC_NO_COMMON_BLOCKS = YES;
				GCC_SYMBOLS_PRIVATE_EXTERN = YES;
				GCC_WARN_64_TO_32_BIT_CONVERSION = YES;
				GCC_WARN_ABOUT_RETURN_TYPE = YES;
				GCC_WARN_CHECK_SWITCH_STATEMENTS = YES;
				GCC_WARN_MISSING_PARENTHESES = YES;
				GCC_WARN_NON_VIRTUAL_DESTRUCTOR = YES;
				GCC_WARN_TYPECHECK_CALLS_TO_PRINTF = YES;
				GCC_WARN_UNDECLARED_SELECTOR = YES;
				GCC_WARN_UNINITIALIZED_AUTOS = YES;
				GCC_WARN_UNUSED_FUNCTION = YES;
				GCC_WARN_UNUSED_VARIABLE = YES;
				PRODUCT_NAME = "NativeNavigation";
				SDKROOT = macosx;
				WARNING_CFLAGS = "-Wreorder";
				ZERO_LINK = NO;
			};
			name = Release;
		};
/* End XCBuildConfiguration section */

/* Begin XCConfigurationList section */
		13EB57A68F7E57B5C5CCC7C4 = {
			isa = XCConfigurationList;
			buildConfigurations = (
				6B517115C29227B370C506D5,
				3E3B6EF83A307C7597407DE7,
			);
			defaultConfigurationIsVisible = 0;
			defaultConfigurationName = Debug;
		};
		A2C3EC67F9379B7D7ED77417 = {
			isa = XCConfigurationList;
			buildConfigurations = (
				64522E557DC6C8F608D7014D,
				F18C45F1E6D6112D7EFBA20B,
			);
			defaultConfigurationIsVisible = 0;
			defaultConfigurationName = Debug;
		};
/* End XCConfigurationList section */
	};
	rootObject = E4655E25C333C9B901EB1096 /* Project object */;
}
